// !$*UTF8*$!
{
	archiveVersion = 1;
	classes = {
	};
	objectVersion = 51;
	objects = {

/* Begin PBXBuildFile section */
		728E9527285876B400DF1541 /* TTSearchModel.m in Sources */ = {isa = PBXBuildFile; fileRef = 728E9526285876B400DF1541 /* TTSearchModel.m */; };
		8481449F284CE9B100D06E39 /* AppDelegate.m in Sources */ = {isa = PBXBuildFile; fileRef = 8481449E284CE9B100D06E39 /* AppDelegate.m */; };
		848144AA284CE9B400D06E39 /* Assets.xcassets in Resources */ = {isa = PBXBuildFile; fileRef = 848144A9284CE9B400D06E39 /* Assets.xcassets */; };
		848144AD284CE9B400D06E39 /* LaunchScreen.storyboard in Resources */ = {isa = PBXBuildFile; fileRef = 848144AB284CE9B400D06E39 /* LaunchScreen.storyboard */; };
		848144B0284CE9B400D06E39 /* main.m in Sources */ = {isa = PBXBuildFile; fileRef = 848144AF284CE9B400D06E39 /* main.m */; };
		848145A92851335D00D06E39 /* TTVideoStreamController.m in Sources */ = {isa = PBXBuildFile; fileRef = 848145A82851335D00D06E39 /* TTVideoStreamController.m */; };
		848145AD2851338500D06E39 /* TTVideoStreamCell.m in Sources */ = {isa = PBXBuildFile; fileRef = 848145AC2851338500D06E39 /* TTVideoStreamCell.m */; };
		848145B1285133A500D06E39 /* TTAVPlayerView.m in Sources */ = {isa = PBXBuildFile; fileRef = 848145B0285133A500D06E39 /* TTAVPlayerView.m */; };
		848145BA2851C7A900D06E39 /* TTTabBarController.m in Sources */ = {isa = PBXBuildFile; fileRef = 848145B92851C7A900D06E39 /* TTTabBarController.m */; };
		8481461A2852715800D06E39 /* TTLoginView.m in Sources */ = {isa = PBXBuildFile; fileRef = 8481460D2852715600D06E39 /* TTLoginView.m */; };
		8481461B2852715800D06E39 /* TTLoginController.m in Sources */ = {isa = PBXBuildFile; fileRef = 848146102852715600D06E39 /* TTLoginController.m */; };
		8481461C2852715800D06E39 /* TTRegisterView.m in Sources */ = {isa = PBXBuildFile; fileRef = 848146122852715600D06E39 /* TTRegisterView.m */; };
		8481461D2852715800D06E39 /* TTSliderNavView.m in Sources */ = {isa = PBXBuildFile; fileRef = 848146152852715700D06E39 /* TTSliderNavView.m */; };
		8481461E2852715800D06E39 /* TTInputField.m in Sources */ = {isa = PBXBuildFile; fileRef = 848146162852715700D06E39 /* TTInputField.m */; };
		8481461F2852715800D06E39 /* UIView+Border.m in Sources */ = {isa = PBXBuildFile; fileRef = 848146172852715700D06E39 /* UIView+Border.m */; };
		848146202852715800D06E39 /* TTRegisterController.m in Sources */ = {isa = PBXBuildFile; fileRef = 848146182852715700D06E39 /* TTRegisterController.m */; };
		848146212852715800D06E39 /* TTPagerViewController.m in Sources */ = {isa = PBXBuildFile; fileRef = 848146192852715700D06E39 /* TTPagerViewController.m */; };
		84A168302852E6A300AA5543 /* TTSearchViewController.m in Sources */ = {isa = PBXBuildFile; fileRef = 84A1682F2852E6A300AA5543 /* TTSearchViewController.m */; };
		84A168362852E7DE00AA5543 /* TTSearchTableViewCell.m in Sources */ = {isa = PBXBuildFile; fileRef = 84A168352852E7DE00AA5543 /* TTSearchTableViewCell.m */; };
		E452A2E6469092D115000DEB /* Pods_Toutiao.framework in Frameworks */ = {isa = PBXBuildFile; fileRef = 6145AB90A16E8C2138CCFD48 /* Pods_Toutiao.framework */; };
/* End PBXBuildFile section */

/* Begin PBXFileReference section */
		1816C2A04EAF83C54AEC8E1D /* Pods-Toutiao.debug.xcconfig */ = {isa = PBXFileReference; includeInIndex = 1; lastKnownFileType = text.xcconfig; name = "Pods-Toutiao.debug.xcconfig"; path = "Target Support Files/Pods-Toutiao/Pods-Toutiao.debug.xcconfig"; sourceTree = "<group>"; };
		6145AB90A16E8C2138CCFD48 /* Pods_Toutiao.framework */ = {isa = PBXFileReference; explicitFileType = wrapper.framework; includeInIndex = 0; path = Pods_Toutiao.framework; sourceTree = BUILT_PRODUCTS_DIR; };
		728E9525285876B400DF1541 /* TTSearchModel.h */ = {isa = PBXFileReference; lastKnownFileType = sourcecode.c.h; path = TTSearchModel.h; sourceTree = "<group>"; };
		728E9526285876B400DF1541 /* TTSearchModel.m */ = {isa = PBXFileReference; lastKnownFileType = sourcecode.c.objc; path = TTSearchModel.m; sourceTree = "<group>"; };
		8481449A284CE9B100D06E39 /* Toutiao.app */ = {isa = PBXFileReference; explicitFileType = wrapper.application; includeInIndex = 0; path = Toutiao.app; sourceTree = BUILT_PRODUCTS_DIR; };
		8481449D284CE9B100D06E39 /* AppDelegate.h */ = {isa = PBXFileReference; lastKnownFileType = sourcecode.c.h; path = AppDelegate.h; sourceTree = "<group>"; };
		8481449E284CE9B100D06E39 /* AppDelegate.m */ = {isa = PBXFileReference; lastKnownFileType = sourcecode.c.objc; path = AppDelegate.m; sourceTree = "<group>"; };
		848144A9284CE9B400D06E39 /* Assets.xcassets */ = {isa = PBXFileReference; lastKnownFileType = folder.assetcatalog; path = Assets.xcassets; sourceTree = "<group>"; };
		848144AC284CE9B400D06E39 /* Base */ = {isa = PBXFileReference; lastKnownFileType = file.storyboard; name = Base; path = Base.lproj/LaunchScreen.storyboard; sourceTree = "<group>"; };
		848144AE284CE9B400D06E39 /* Info.plist */ = {isa = PBXFileReference; lastKnownFileType = text.plist.xml; path = Info.plist; sourceTree = "<group>"; };
		848144AF284CE9B400D06E39 /* main.m */ = {isa = PBXFileReference; lastKnownFileType = sourcecode.c.objc; path = main.m; sourceTree = "<group>"; };
		84814590284DFD4100D06E39 /* config.h */ = {isa = PBXFileReference; lastKnownFileType = sourcecode.c.h; path = config.h; sourceTree = "<group>"; };
		848145A72851335D00D06E39 /* TTVideoStreamController.h */ = {isa = PBXFileReference; lastKnownFileType = sourcecode.c.h; path = TTVideoStreamController.h; sourceTree = "<group>"; };
		848145A82851335D00D06E39 /* TTVideoStreamController.m */ = {isa = PBXFileReference; lastKnownFileType = sourcecode.c.objc; path = TTVideoStreamController.m; sourceTree = "<group>"; };
		848145AB2851338500D06E39 /* TTVideoStreamCell.h */ = {isa = PBXFileReference; lastKnownFileType = sourcecode.c.h; path = TTVideoStreamCell.h; sourceTree = "<group>"; };
		848145AC2851338500D06E39 /* TTVideoStreamCell.m */ = {isa = PBXFileReference; lastKnownFileType = sourcecode.c.objc; path = TTVideoStreamCell.m; sourceTree = "<group>"; };
		848145AF285133A500D06E39 /* TTAVPlayerView.h */ = {isa = PBXFileReference; lastKnownFileType = sourcecode.c.h; path = TTAVPlayerView.h; sourceTree = "<group>"; };
		848145B0285133A500D06E39 /* TTAVPlayerView.m */ = {isa = PBXFileReference; lastKnownFileType = sourcecode.c.objc; path = TTAVPlayerView.m; sourceTree = "<group>"; };
		848145B82851C7A900D06E39 /* TTTabBarController.h */ = {isa = PBXFileReference; lastKnownFileType = sourcecode.c.h; path = TTTabBarController.h; sourceTree = "<group>"; };
		848145B92851C7A900D06E39 /* TTTabBarController.m */ = {isa = PBXFileReference; lastKnownFileType = sourcecode.c.objc; path = TTTabBarController.m; sourceTree = "<group>"; };
		8481460A2852715600D06E39 /* TTRegisterView.h */ = {isa = PBXFileReference; fileEncoding = 4; lastKnownFileType = sourcecode.c.h; path = TTRegisterView.h; sourceTree = "<group>"; };
		8481460B2852715600D06E39 /* TTInputField.h */ = {isa = PBXFileReference; fileEncoding = 4; lastKnownFileType = sourcecode.c.h; path = TTInputField.h; sourceTree = "<group>"; };
		8481460C2852715600D06E39 /* TTRegisterController.h */ = {isa = PBXFileReference; fileEncoding = 4; lastKnownFileType = sourcecode.c.h; path = TTRegisterController.h; sourceTree = "<group>"; };
		8481460D2852715600D06E39 /* TTLoginView.m */ = {isa = PBXFileReference; fileEncoding = 4; lastKnownFileType = sourcecode.c.objc; path = TTLoginView.m; sourceTree = "<group>"; };
		8481460E2852715600D06E39 /* TTPagerViewController.h */ = {isa = PBXFileReference; fileEncoding = 4; lastKnownFileType = sourcecode.c.h; path = TTPagerViewController.h; sourceTree = "<group>"; };
		8481460F2852715600D06E39 /* TTSliderNavView.h */ = {isa = PBXFileReference; fileEncoding = 4; lastKnownFileType = sourcecode.c.h; path = TTSliderNavView.h; sourceTree = "<group>"; };
		848146102852715600D06E39 /* TTLoginController.m */ = {isa = PBXFileReference; fileEncoding = 4; lastKnownFileType = sourcecode.c.objc; path = TTLoginController.m; sourceTree = "<group>"; };
		848146112852715600D06E39 /* UIView+Border.h */ = {isa = PBXFileReference; fileEncoding = 4; lastKnownFileType = sourcecode.c.h; path = "UIView+Border.h"; sourceTree = "<group>"; };
		848146122852715600D06E39 /* TTRegisterView.m */ = {isa = PBXFileReference; fileEncoding = 4; lastKnownFileType = sourcecode.c.objc; path = TTRegisterView.m; sourceTree = "<group>"; };
		848146132852715600D06E39 /* TTLoginController.h */ = {isa = PBXFileReference; fileEncoding = 4; lastKnownFileType = sourcecode.c.h; path = TTLoginController.h; sourceTree = "<group>"; };
		848146142852715700D06E39 /* TTLoginView.h */ = {isa = PBXFileReference; fileEncoding = 4; lastKnownFileType = sourcecode.c.h; path = TTLoginView.h; sourceTree = "<group>"; };
		848146152852715700D06E39 /* TTSliderNavView.m */ = {isa = PBXFileReference; fileEncoding = 4; lastKnownFileType = sourcecode.c.objc; path = TTSliderNavView.m; sourceTree = "<group>"; };
		848146162852715700D06E39 /* TTInputField.m */ = {isa = PBXFileReference; fileEncoding = 4; lastKnownFileType = sourcecode.c.objc; path = TTInputField.m; sourceTree = "<group>"; };
		848146172852715700D06E39 /* UIView+Border.m */ = {isa = PBXFileReference; fileEncoding = 4; lastKnownFileType = sourcecode.c.objc; path = "UIView+Border.m"; sourceTree = "<group>"; };
		848146182852715700D06E39 /* TTRegisterController.m */ = {isa = PBXFileReference; fileEncoding = 4; lastKnownFileType = sourcecode.c.objc; path = TTRegisterController.m; sourceTree = "<group>"; };
		848146192852715700D06E39 /* TTPagerViewController.m */ = {isa = PBXFileReference; fileEncoding = 4; lastKnownFileType = sourcecode.c.objc; path = TTPagerViewController.m; sourceTree = "<group>"; };
		84A1682E2852E6A300AA5543 /* TTSearchViewController.h */ = {isa = PBXFileReference; lastKnownFileType = sourcecode.c.h; path = TTSearchViewController.h; sourceTree = "<group>"; };
		84A1682F2852E6A300AA5543 /* TTSearchViewController.m */ = {isa = PBXFileReference; lastKnownFileType = sourcecode.c.objc; path = TTSearchViewController.m; sourceTree = "<group>"; };
		84A168342852E7DE00AA5543 /* TTSearchTableViewCell.h */ = {isa = PBXFileReference; lastKnownFileType = sourcecode.c.h; path = TTSearchTableViewCell.h; sourceTree = "<group>"; };
		84A168352852E7DE00AA5543 /* TTSearchTableViewCell.m */ = {isa = PBXFileReference; lastKnownFileType = sourcecode.c.objc; path = TTSearchTableViewCell.m; sourceTree = "<group>"; };
		EA3AC258ADA8A667171EA127 /* Pods-Toutiao.release.xcconfig */ = {isa = PBXFileReference; includeInIndex = 1; lastKnownFileType = text.xcconfig; name = "Pods-Toutiao.release.xcconfig"; path = "Target Support Files/Pods-Toutiao/Pods-Toutiao.release.xcconfig"; sourceTree = "<group>"; };
/* End PBXFileReference section */

/* Begin PBXFrameworksBuildPhase section */
		84814497284CE9B100D06E39 /* Frameworks */ = {
			isa = PBXFrameworksBuildPhase;
			buildActionMask = 2147483647;
			files = (
				E452A2E6469092D115000DEB /* Pods_Toutiao.framework in Frameworks */,
			);
			runOnlyForDeploymentPostprocessing = 0;
		};
/* End PBXFrameworksBuildPhase section */

/* Begin PBXGroup section */
		07825C3B21F29E18958FDC4E /* Frameworks */ = {
			isa = PBXGroup;
			children = (
				6145AB90A16E8C2138CCFD48 /* Pods_Toutiao.framework */,
			);
			name = Frameworks;
			sourceTree = "<group>";
		};
		6DD3AD114DE2F255DA1E073B /* Pods */ = {
			isa = PBXGroup;
			children = (
				1816C2A04EAF83C54AEC8E1D /* Pods-Toutiao.debug.xcconfig */,
				EA3AC258ADA8A667171EA127 /* Pods-Toutiao.release.xcconfig */,
			);
			path = Pods;
			sourceTree = "<group>";
		};
		84814491284CE9B100D06E39 = {
			isa = PBXGroup;
			children = (
				8481449C284CE9B100D06E39 /* Toutiao */,
				8481449B284CE9B100D06E39 /* Products */,
				6DD3AD114DE2F255DA1E073B /* Pods */,
				07825C3B21F29E18958FDC4E /* Frameworks */,
			);
			sourceTree = "<group>";
		};
		8481449B284CE9B100D06E39 /* Products */ = {
			isa = PBXGroup;
			children = (
				8481449A284CE9B100D06E39 /* Toutiao.app */,
			);
			name = Products;
			sourceTree = "<group>";
		};
		8481449C284CE9B100D06E39 /* Toutiao */ = {
			isa = PBXGroup;
			children = (
				8481460B2852715600D06E39 /* TTInputField.h */,
				848146162852715700D06E39 /* TTInputField.m */,
				848146132852715600D06E39 /* TTLoginController.h */,
				848146102852715600D06E39 /* TTLoginController.m */,
				848146142852715700D06E39 /* TTLoginView.h */,
				8481460D2852715600D06E39 /* TTLoginView.m */,
				8481460E2852715600D06E39 /* TTPagerViewController.h */,
				848146192852715700D06E39 /* TTPagerViewController.m */,
				8481460C2852715600D06E39 /* TTRegisterController.h */,
				848146182852715700D06E39 /* TTRegisterController.m */,
				8481460A2852715600D06E39 /* TTRegisterView.h */,
				848146122852715600D06E39 /* TTRegisterView.m */,
				8481460F2852715600D06E39 /* TTSliderNavView.h */,
				848146152852715700D06E39 /* TTSliderNavView.m */,
				848146112852715600D06E39 /* UIView+Border.h */,
				848146172852715700D06E39 /* UIView+Border.m */,
				8481449D284CE9B100D06E39 /* AppDelegate.h */,
				8481449E284CE9B100D06E39 /* AppDelegate.m */,
				848144A9284CE9B400D06E39 /* Assets.xcassets */,
				848144AB284CE9B400D06E39 /* LaunchScreen.storyboard */,
				848144AE284CE9B400D06E39 /* Info.plist */,
				848144AF284CE9B400D06E39 /* main.m */,
				84814590284DFD4100D06E39 /* config.h */,
				848145A72851335D00D06E39 /* TTVideoStreamController.h */,
				848145A82851335D00D06E39 /* TTVideoStreamController.m */,
				848145AB2851338500D06E39 /* TTVideoStreamCell.h */,
				848145AC2851338500D06E39 /* TTVideoStreamCell.m */,
				848145AF285133A500D06E39 /* TTAVPlayerView.h */,
				848145B0285133A500D06E39 /* TTAVPlayerView.m */,
				848145B82851C7A900D06E39 /* TTTabBarController.h */,
				848145B92851C7A900D06E39 /* TTTabBarController.m */,
				84A1682E2852E6A300AA5543 /* TTSearchViewController.h */,
				84A1682F2852E6A300AA5543 /* TTSearchViewController.m */,
				84A168342852E7DE00AA5543 /* TTSearchTableViewCell.h */,
				84A168352852E7DE00AA5543 /* TTSearchTableViewCell.m */,
				728E9525285876B400DF1541 /* TTSearchModel.h */,
				728E9526285876B400DF1541 /* TTSearchModel.m */,
			);
			path = Toutiao;
			sourceTree = "<group>";
		};
/* End PBXGroup section */

/* Begin PBXNativeTarget section */
		84814499284CE9B100D06E39 /* Toutiao */ = {
			isa = PBXNativeTarget;
			buildConfigurationList = 848144B3284CE9B400D06E39 /* Build configuration list for PBXNativeTarget "Toutiao" */;
			buildPhases = (
				3AE69B6357E0F1E7CF28C0F7 /* [CP] Check Pods Manifest.lock */,
				84814496284CE9B100D06E39 /* Sources */,
				84814497284CE9B100D06E39 /* Frameworks */,
				84814498284CE9B100D06E39 /* Resources */,
				7E80EFAF9702A40E83C29675 /* [CP] Embed Pods Frameworks */,
			);
			buildRules = (
			);
			dependencies = (
			);
			name = Toutiao;
			productName = Toutiao;
			productReference = 8481449A284CE9B100D06E39 /* Toutiao.app */;
			productType = "com.apple.product-type.application";
		};
/* End PBXNativeTarget section */

/* Begin PBXProject section */
		84814492284CE9B100D06E39 /* Project object */ = {
			isa = PBXProject;
			attributes = {
				LastUpgradeCheck = 1220;
				TargetAttributes = {
					84814499284CE9B100D06E39 = {
						CreatedOnToolsVersion = 12.2;
					};
				};
			};
			buildConfigurationList = 84814495284CE9B100D06E39 /* Build configuration list for PBXProject "Toutiao" */;
			compatibilityVersion = "Xcode 9.3";
			developmentRegion = en;
			hasScannedForEncodings = 0;
			knownRegions = (
				en,
				Base,
			);
			mainGroup = 84814491284CE9B100D06E39;
			productRefGroup = 8481449B284CE9B100D06E39 /* Products */;
			projectDirPath = "";
			projectRoot = "";
			targets = (
				84814499284CE9B100D06E39 /* Toutiao */,
			);
		};
/* End PBXProject section */

/* Begin PBXResourcesBuildPhase section */
		84814498284CE9B100D06E39 /* Resources */ = {
			isa = PBXResourcesBuildPhase;
			buildActionMask = 2147483647;
			files = (
				848144AD284CE9B400D06E39 /* LaunchScreen.storyboard in Resources */,
				848144AA284CE9B400D06E39 /* Assets.xcassets in Resources */,
			);
			runOnlyForDeploymentPostprocessing = 0;
		};
/* End PBXResourcesBuildPhase section */

/* Begin PBXShellScriptBuildPhase section */
		3AE69B6357E0F1E7CF28C0F7 /* [CP] Check Pods Manifest.lock */ = {
			isa = PBXShellScriptBuildPhase;
			buildActionMask = 2147483647;
			files = (
			);
			inputFileListPaths = (
			);
			inputPaths = (
				"${PODS_PODFILE_DIR_PATH}/Podfile.lock",
				"${PODS_ROOT}/Manifest.lock",
			);
			name = "[CP] Check Pods Manifest.lock";
			outputFileListPaths = (
			);
			outputPaths = (
				"$(DERIVED_FILE_DIR)/Pods-Toutiao-checkManifestLockResult.txt",
			);
			runOnlyForDeploymentPostprocessing = 0;
			shellPath = /bin/sh;
			shellScript = "diff \"${PODS_PODFILE_DIR_PATH}/Podfile.lock\" \"${PODS_ROOT}/Manifest.lock\" > /dev/null\nif [ $? != 0 ] ; then\n    # print error to STDERR\n    echo \"error: The sandbox is not in sync with the Podfile.lock. Run 'pod install' or update your CocoaPods installation.\" >&2\n    exit 1\nfi\n# This output is used by Xcode 'outputs' to avoid re-running this script phase.\necho \"SUCCESS\" > \"${SCRIPT_OUTPUT_FILE_0}\"\n";
			showEnvVarsInLog = 0;
		};
		7E80EFAF9702A40E83C29675 /* [CP] Embed Pods Frameworks */ = {
			isa = PBXShellScriptBuildPhase;
			buildActionMask = 2147483647;
			files = (
			);
			inputFileListPaths = (
				"${PODS_ROOT}/Target Support Files/Pods-Toutiao/Pods-Toutiao-frameworks-${CONFIGURATION}-input-files.xcfilelist",
			);
			name = "[CP] Embed Pods Frameworks";
			outputFileListPaths = (
				"${PODS_ROOT}/Target Support Files/Pods-Toutiao/Pods-Toutiao-frameworks-${CONFIGURATION}-output-files.xcfilelist",
			);
			runOnlyForDeploymentPostprocessing = 0;
			shellPath = /bin/sh;
			shellScript = "\"${PODS_ROOT}/Target Support Files/Pods-Toutiao/Pods-Toutiao-frameworks.sh\"\n";
			showEnvVarsInLog = 0;
		};
/* End PBXShellScriptBuildPhase section */

/* Begin PBXSourcesBuildPhase section */
		84814496284CE9B100D06E39 /* Sources */ = {
			isa = PBXSourcesBuildPhase;
			buildActionMask = 2147483647;
			files = (
				8481461F2852715800D06E39 /* UIView+Border.m in Sources */,
				8481449F284CE9B100D06E39 /* AppDelegate.m in Sources */,
				84A168302852E6A300AA5543 /* TTSearchViewController.m in Sources */,
				84A168362852E7DE00AA5543 /* TTSearchTableViewCell.m in Sources */,
				8481461C2852715800D06E39 /* TTRegisterView.m in Sources */,
				848145AD2851338500D06E39 /* TTVideoStreamCell.m in Sources */,
				848144B0284CE9B400D06E39 /* main.m in Sources */,
				8481461B2852715800D06E39 /* TTLoginController.m in Sources */,
				8481461A2852715800D06E39 /* TTLoginView.m in Sources */,
				848145BA2851C7A900D06E39 /* TTTabBarController.m in Sources */,
				848146212852715800D06E39 /* TTPagerViewController.m in Sources */,
				848146202852715800D06E39 /* TTRegisterController.m in Sources */,
				8481461E2852715800D06E39 /* TTInputField.m in Sources */,
				8481461D2852715800D06E39 /* TTSliderNavView.m in Sources */,
				848145B1285133A500D06E39 /* TTAVPlayerView.m in Sources */,
				848145A92851335D00D06E39 /* TTVideoStreamController.m in Sources */,
				728E9527285876B400DF1541 /* TTSearchModel.m in Sources */,
			);
			runOnlyForDeploymentPostprocessing = 0;
		};
/* End PBXSourcesBuildPhase section */

/* Begin PBXVariantGroup section */
		848144AB284CE9B400D06E39 /* LaunchScreen.storyboard */ = {
			isa = PBXVariantGroup;
			children = (
				848144AC284CE9B400D06E39 /* Base */,
			);
			name = LaunchScreen.storyboard;
			sourceTree = "<group>";
		};
/* End PBXVariantGroup section */

/* Begin XCBuildConfiguration section */
		848144B1284CE9B400D06E39 /* Debug */ = {
			isa = XCBuildConfiguration;
			buildSettings = {
				ALWAYS_SEARCH_USER_PATHS = NO;
				CLANG_ANALYZER_NONNULL = YES;
				CLANG_ANALYZER_NUMBER_OBJECT_CONVERSION = YES_AGGRESSIVE;
				CLANG_CXX_LANGUAGE_STANDARD = "gnu++14";
				CLANG_CXX_LIBRARY = "libc++";
				CLANG_ENABLE_MODULES = YES;
				CLANG_ENABLE_OBJC_ARC = YES;
				CLANG_ENABLE_OBJC_WEAK = YES;
				CLANG_WARN_BLOCK_CAPTURE_AUTORELEASING = YES;
				CLANG_WARN_BOOL_CONVERSION = YES;
				CLANG_WARN_COMMA = YES;
				CLANG_WARN_CONSTANT_CONVERSION = YES;
				CLANG_WARN_DEPRECATED_OBJC_IMPLEMENTATIONS = YES;
				CLANG_WARN_DIRECT_OBJC_ISA_USAGE = YES_ERROR;
				CLANG_WARN_DOCUMENTATION_COMMENTS = YES;
				CLANG_WARN_EMPTY_BODY = YES;
				CLANG_WARN_ENUM_CONVERSION = YES;
				CLANG_WARN_INFINITE_RECURSION = YES;
				CLANG_WARN_INT_CONVERSION = YES;
				CLANG_WARN_NON_LITERAL_NULL_CONVERSION = YES;
				CLANG_WARN_OBJC_IMPLICIT_RETAIN_SELF = YES;
				CLANG_WARN_OBJC_LITERAL_CONVERSION = YES;
				CLANG_WARN_OBJC_ROOT_CLASS = YES_ERROR;
				CLANG_WARN_QUOTED_INCLUDE_IN_FRAMEWORK_HEADER = YES;
				CLANG_WARN_RANGE_LOOP_ANALYSIS = YES;
				CLANG_WARN_STRICT_PROTOTYPES = YES;
				CLANG_WARN_SUSPICIOUS_MOVE = YES;
				CLANG_WARN_UNGUARDED_AVAILABILITY = YES_AGGRESSIVE;
				CLANG_WARN_UNREACHABLE_CODE = YES;
				CLANG_WARN__DUPLICATE_METHOD_MATCH = YES;
				COPY_PHASE_STRIP = NO;
				DEBUG_INFORMATION_FORMAT = dwarf;
				ENABLE_STRICT_OBJC_MSGSEND = YES;
				ENABLE_TESTABILITY = YES;
				GCC_C_LANGUAGE_STANDARD = gnu11;
				GCC_DYNAMIC_NO_PIC = NO;
				GCC_NO_COMMON_BLOCKS = YES;
				GCC_OPTIMIZATION_LEVEL = 0;
				GCC_PREPROCESSOR_DEFINITIONS = (
					"DEBUG=1",
					"$(inherited)",
				);
				GCC_WARN_64_TO_32_BIT_CONVERSION = YES;
				GCC_WARN_ABOUT_RETURN_TYPE = YES_ERROR;
				GCC_WARN_UNDECLARED_SELECTOR = YES;
				GCC_WARN_UNINITIALIZED_AUTOS = YES_AGGRESSIVE;
				GCC_WARN_UNUSED_FUNCTION = YES;
				GCC_WARN_UNUSED_VARIABLE = YES;
				IPHONEOS_DEPLOYMENT_TARGET = 12.0;
				MTL_ENABLE_DEBUG_INFO = INCLUDE_SOURCE;
				MTL_FAST_MATH = YES;
				ONLY_ACTIVE_ARCH = YES;
				SDKROOT = iphoneos;
			};
			name = Debug;
		};
		848144B2284CE9B400D06E39 /* Release */ = {
			isa = XCBuildConfiguration;
			buildSettings = {
				ALWAYS_SEARCH_USER_PATHS = NO;
				CLANG_ANALYZER_NONNULL = YES;
				CLANG_ANALYZER_NUMBER_OBJECT_CONVERSION = YES_AGGRESSIVE;
				CLANG_CXX_LANGUAGE_STANDARD = "gnu++14";
				CLANG_CXX_LIBRARY = "libc++";
				CLANG_ENABLE_MODULES = YES;
				CLANG_ENABLE_OBJC_ARC = YES;
				CLANG_ENABLE_OBJC_WEAK = YES;
				CLANG_WARN_BLOCK_CAPTURE_AUTORELEASING = YES;
				CLANG_WARN_BOOL_CONVERSION = YES;
				CLANG_WARN_COMMA = YES;
				CLANG_WARN_CONSTANT_CONVERSION = YES;
				CLANG_WARN_DEPRECATED_OBJC_IMPLEMENTATIONS = YES;
				CLANG_WARN_DIRECT_OBJC_ISA_USAGE = YES_ERROR;
				CLANG_WARN_DOCUMENTATION_COMMENTS = YES;
				CLANG_WARN_EMPTY_BODY = YES;
				CLANG_WARN_ENUM_CONVERSION = YES;
				CLANG_WARN_INFINITE_RECURSION = YES;
				CLANG_WARN_INT_CONVERSION = YES;
				CLANG_WARN_NON_LITERAL_NULL_CONVERSION = YES;
				CLANG_WARN_OBJC_IMPLICIT_RETAIN_SELF = YES;
				CLANG_WARN_OBJC_LITERAL_CONVERSION = YES;
				CLANG_WARN_OBJC_ROOT_CLASS = YES_ERROR;
				CLANG_WARN_QUOTED_INCLUDE_IN_FRAMEWORK_HEADER = YES;
				CLANG_WARN_RANGE_LOOP_ANALYSIS = YES;
				CLANG_WARN_STRICT_PROTOTYPES = YES;
				CLANG_WARN_SUSPICIOUS_MOVE = YES;
				CLANG_WARN_UNGUARDED_AVAILABILITY = YES_AGGRESSIVE;
				CLANG_WARN_UNREACHABLE_CODE = YES;
				CLANG_WARN__DUPLICATE_METHOD_MATCH = YES;
				COPY_PHASE_STRIP = NO;
				DEBUG_INFORMATION_FORMAT = "dwarf-with-dsym";
				ENABLE_NS_ASSERTIONS = NO;
				ENABLE_STRICT_OBJC_MSGSEND = YES;
				GCC_C_LANGUAGE_STANDARD = gnu11;
				GCC_NO_COMMON_BLOCKS = YES;
				GCC_WARN_64_TO_32_BIT_CONVERSION = YES;
				GCC_WARN_ABOUT_RETURN_TYPE = YES_ERROR;
				GCC_WARN_UNDECLARED_SELECTOR = YES;
				GCC_WARN_UNINITIALIZED_AUTOS = YES_AGGRESSIVE;
				GCC_WARN_UNUSED_FUNCTION = YES;
				GCC_WARN_UNUSED_VARIABLE = YES;
				IPHONEOS_DEPLOYMENT_TARGET = 12.0;
				MTL_ENABLE_DEBUG_INFO = NO;
				MTL_FAST_MATH = YES;
				SDKROOT = iphoneos;
				VALIDATE_PRODUCT = YES;
			};
			name = Release;
		};
		848144B4284CE9B400D06E39 /* Debug */ = {
			isa = XCBuildConfiguration;
			baseConfigurationReference = 1816C2A04EAF83C54AEC8E1D /* Pods-Toutiao.debug.xcconfig */;
			buildSettings = {
				ASSETCATALOG_COMPILER_APPICON_NAME = AppIcon;
				ASSETCATALOG_COMPILER_GLOBAL_ACCENT_COLOR_NAME = AccentColor;
				CODE_SIGN_STYLE = Automatic;
				DEVELOPMENT_TEAM = VM58575Z8J;
				INFOPLIST_FILE = Toutiao/Info.plist;
				IPHONEOS_DEPLOYMENT_TARGET = 12.0;
				LD_RUNPATH_SEARCH_PATHS = (
					"$(inherited)",
					"@executable_path/Frameworks",
				);
				PRODUCT_BUNDLE_IDENTIFIER = giyn.work.Toutiao;
				PRODUCT_NAME = "$(TARGET_NAME)";
				TARGETED_DEVICE_FAMILY = "1,2";
			};
			name = Debug;
		};
		848144B5284CE9B400D06E39 /* Release */ = {
			isa = XCBuildConfiguration;
			baseConfigurationReference = EA3AC258ADA8A667171EA127 /* Pods-Toutiao.release.xcconfig */;
			buildSettings = {
				ASSETCATALOG_COMPILER_APPICON_NAME = AppIcon;
				ASSETCATALOG_COMPILER_GLOBAL_ACCENT_COLOR_NAME = AccentColor;
				CODE_SIGN_STYLE = Automatic;
				DEVELOPMENT_TEAM = VM58575Z8J;
				INFOPLIST_FILE = Toutiao/Info.plist;
				IPHONEOS_DEPLOYMENT_TARGET = 12.0;
				LD_RUNPATH_SEARCH_PATHS = (
					"$(inherited)",
					"@executable_path/Frameworks",
				);
				PRODUCT_BUNDLE_IDENTIFIER = giyn.work.Toutiao;
				PRODUCT_NAME = "$(TARGET_NAME)";
				TARGETED_DEVICE_FAMILY = "1,2";
			};
			name = Release;
		};
/* End XCBuildConfiguration section */

/* Begin XCConfigurationList section */
		84814495284CE9B100D06E39 /* Build configuration list for PBXProject "Toutiao" */ = {
			isa = XCConfigurationList;
			buildConfigurations = (
				848144B1284CE9B400D06E39 /* Debug */,
				848144B2284CE9B400D06E39 /* Release */,
			);
			defaultConfigurationIsVisible = 0;
			defaultConfigurationName = Release;
		};
		848144B3284CE9B400D06E39 /* Build configuration list for PBXNativeTarget "Toutiao" */ = {
			isa = XCConfigurationList;
			buildConfigurations = (
				848144B4284CE9B400D06E39 /* Debug */,
				848144B5284CE9B400D06E39 /* Release */,
			);
			defaultConfigurationIsVisible = 0;
			defaultConfigurationName = Release;
		};
/* End XCConfigurationList section */
	};
	rootObject = 84814492284CE9B100D06E39 /* Project object */;
}
